
Microsoft Visual Studio Solution File, Format Version 11.00
# Visual C# Express 2010
Project("{FAE04EC0-301F-11D3-BF4B-00C04F79EFBC}") = "cometd", "cometd.csproj", "{CE60C8C6-3F04-447B-946C-D22397E39EC6}"
EndProject
Global
	GlobalSection(SolutionConfigurationPlatforms) = preSolution
		Debug|Any CPU = Debug|Any CPU
		Release|Any CPU = Release|Any CPU
	EndGlobalSection
	GlobalSection(ProjectConfigurationPlatforms) = postSolution
		{CE60C8C6-3F04-447B-946C-D22397E39EC6}.Debug|Any CPU.ActiveCfg = Debug|Any CPU
		{CE60C8C6-3F04-447B-946C-D22397E39EC6}.Debug|Any CPU.Build.0 = Debug|Any CPU
		{CE60C8C6-3F04-447B-946C-D22397E39EC6}.Release|Any CPU.ActiveCfg = Release|Any CPU
		{CE60C8C6-3F04-447B-946C-D22397E39EC6}.Release|Any CPU.Build.0 = Release|Any CPU
	EndGlobalSection
	GlobalSection(SolutionProperties) = preSolution
		HideSolutionNode = FALSE
	EndGlobalSection
EndGlobal
